
Microsoft Visual Studio Solution File, Format Version 12.00
# Visual Studio Version 17
VisualStudioVersion = 17.8.34316.72
MinimumVisualStudioVersion = 10.0.40219.1
Project("{FAE04EC0-301F-11D3-BF4B-00C04F79EFBC}") = "BasicAuth.Api", "BasicAuth.Api\BasicAuth.Api.csproj", "{116BAEF5-2BEC-44C8-A94D-68136535B6DF}"
EndProject
Global
	GlobalSection(SolutionConfigurationPlatforms) = preSolution
		Debug|Any CPU = Debug|Any CPU
		Release|Any CPU = Release|Any CPU
	EndGlobalSection
	GlobalSection(ProjectConfigurationPlatforms) = postSolution
		{116BAEF5-2BEC-44C8-A94D-68136535B6DF}.Debug|Any CPU.ActiveCfg = Debug|Any CPU
		{116BAEF5-2BEC-44C8-A94D-68136535B6DF}.Debug|Any CPU.Build.0 = Debug|Any CPU
		{116BAEF5-2BEC-44C8-A94D-68136535B6DF}.Release|Any CPU.ActiveCfg = Release|Any CPU
		{116BAEF5-2BEC-44C8-A94D-68136535B6DF}.Release|Any CPU.Build.0 = Release|Any CPU
	EndGlobalSection
	GlobalSection(SolutionProperties) = preSolution
		HideSolutionNode = FALSE
	EndGlobalSection
	GlobalSection(ExtensibilityGlobals) = postSolution
		SolutionGuid = {F37BDE42-74B3-4365-A974-38BBE4256FD2}
	EndGlobalSection
EndGlobal
